github.com/ebitengine/purego v0.8.0 h1:JbqvnEzRvPpxhCJzJJ2y0RbiZ8nyjccVUrSM3q+GvvE=
github.com/ebitengine/purego v0.8.0/go.mod h1:iIjxzd6CiRiOG0UyXP+V1+jWqUXVjPKLAI0mRfJZTmQ=
github.com/jezek/xgb v1.3.1 h1:NQCAEfQyzN+3RjWUSHBuVIxQcy2YfG3/mNvKfs/0rEg=
github.com/jezek/xgb v1.3.1/go.mod h1:nrhwO0FX/enq75I7Y7G8iN1ubpSGZEiA3v9e9GyRFlk=
github.com/unxed/winkeys v0.1.0 h1:5yTt0jgEgL2M/8U36xl3S3xh2NCKTDDWE4Q7qnHo8x8=
github.com/unxed/winkeys v0.1.0/go.mod h1:eCDbEJFdYcii0Fd4O9u+CAqjJ4SkkhWDkhikNFwBCd4=
github.com/unxed/xkb-go v0.1.9-0.20260927162752-f079b0ef6de2 h1:neesn4dlfMhb7XnB/k8ZNS97maz9YZiUBQjxF+VoJUc=
github.com/unxed/xkb-go v0.1.9-0.20260927162752-f079b0ef6de2/go.mod h1:p0uH0w1PGo5GU/qxcyj65edin5qHssAhvJTjCZ8nxNU=
